
Microsoft Visual Studio Solution File, Format Version 10.00
# Visual Studio 2008
Project("{FAE04EC0-301F-11D3-BF4B-00C04F79EFBC}") = "MvcContrib.TestHelper.Sample", "Sample\MvcContrib.TestHelper.Sample.csproj", "{62450899-13BA-4A62-8FCD-911B5428958F}"
EndProject
Project("{FAE04EC0-301F-11D3-BF4B-00C04F79EFBC}") = "MvcContrib.TestHelper.Sample.Test", "Sample.Test\MvcContrib.TestHelper.Sample.Test.csproj", "{71A5EA43-8C95-4AAC-9172-D33758555FCF}"
EndProject
Global
	GlobalSection(SolutionConfigurationPlatforms) = preSolution
		Debug|Any CPU = Debug|Any CPU
		Release|Any CPU = Release|Any CPU
	EndGlobalSection
	GlobalSection(ProjectConfigurationPlatforms) = postSolution
		{62450899-13BA-4A62-8FCD-911B5428958F}.Debug|Any CPU.ActiveCfg = Debug|Any CPU
		{62450899-13BA-4A62-8FCD-911B5428958F}.Debug|Any CPU.Build.0 = Debug|Any CPU
		{62450899-13BA-4A62-8FCD-911B5428958F}.Release|Any CPU.ActiveCfg = Release|Any CPU
		{62450899-13BA-4A62-8FCD-911B5428958F}.Release|Any CPU.Build.0 = Release|Any CPU
		{71A5EA43-8C95-4AAC-9172-D33758555FCF}.Debug|Any CPU.ActiveCfg = Debug|Any CPU
		{71A5EA43-8C95-4AAC-9172-D33758555FCF}.Debug|Any CPU.Build.0 = Debug|Any CPU
		{71A5EA43-8C95-4AAC-9172-D33758555FCF}.Release|Any CPU.ActiveCfg = Release|Any CPU
		{71A5EA43-8C95-4AAC-9172-D33758555FCF}.Release|Any CPU.Build.0 = Release|Any CPU
	EndGlobalSection
	GlobalSection(SolutionProperties) = preSolution
		HideSolutionNode = FALSE
	EndGlobalSection
EndGlobal
